
Microsoft Visual Studio Solution File, Format Version 12.00
# Visual Studio Version 16
VisualStudioVersion = 16.0.30114.105
MinimumVisualStudioVersion = 10.0.40219.1
Project("{FAE04EC0-301F-11D3-BF4B-00C04F79EFBC}") = "PrograAvanzada", "PrograAvanzada\PrograAvanzada.csproj", "{2D072744-8D62-43DC-B549-81DCE2C8CB50}"
EndProject
Project("{FAE04EC0-301F-11D3-BF4B-00C04F79EFBC}") = "BLL", "BLL\BLL.csproj", "{AB9BDCE1-F9BB-4AE9-8C05-D10F1513EF45}"
EndProject
Project("{FAE04EC0-301F-11D3-BF4B-00C04F79EFBC}") = "DAL", "DAL\DAL.csproj", "{B179D412-1388-41EF-B76B-A03C21C10E5D}"
EndProject
Global
	GlobalSection(SolutionConfigurationPlatforms) = preSolution
		Debug|Any CPU = Debug|Any CPU
		Release|Any CPU = Release|Any CPU
	EndGlobalSection
	GlobalSection(ProjectConfigurationPlatforms) = postSolution
		{2D072744-8D62-43DC-B549-81DCE2C8CB50}.Debug|Any CPU.ActiveCfg = Debug|Any CPU
		{2D072744-8D62-43DC-B549-81DCE2C8CB50}.Debug|Any CPU.Build.0 = Debug|Any CPU
		{2D072744-8D62-43DC-B549-81DCE2C8CB50}.Release|Any CPU.ActiveCfg = Release|Any CPU
		{2D072744-8D62-43DC-B549-81DCE2C8CB50}.Release|Any CPU.Build.0 = Release|Any CPU
		{AB9BDCE1-F9BB-4AE9-8C05-D10F1513EF45}.Debug|Any CPU.ActiveCfg = Debug|Any CPU
		{AB9BDCE1-F9BB-4AE9-8C05-D10F1513EF45}.Debug|Any CPU.Build.0 = Debug|Any CPU
		{AB9BDCE1-F9BB-4AE9-8C05-D10F1513EF45}.Release|Any CPU.ActiveCfg = Release|Any CPU
		{AB9BDCE1-F9BB-4AE9-8C05-D10F1513EF45}.Release|Any CPU.Build.0 = Release|Any CPU
		{B179D412-1388-41EF-B76B-A03C21C10E5D}.Debug|Any CPU.ActiveCfg = Debug|Any CPU
		{B179D412-1388-41EF-B76B-A03C21C10E5D}.Debug|Any CPU.Build.0 = Debug|Any CPU
		{B179D412-1388-41EF-B76B-A03C21C10E5D}.Release|Any CPU.ActiveCfg = Release|Any CPU
		{B179D412-1388-41EF-B76B-A03C21C10E5D}.Release|Any CPU.Build.0 = Release|Any CPU
	EndGlobalSection
	GlobalSection(SolutionProperties) = preSolution
		HideSolutionNode = FALSE
	EndGlobalSection
	GlobalSection(ExtensibilityGlobals) = postSolution
		SolutionGuid = {A9036AE1-0A0A-4A6A-91FF-C6DFF80DB79D}
	EndGlobalSection
EndGlobal
